
Microsoft Visual Studio Solution File, Format Version 12.00
# Visual Studio 15
VisualStudioVersion = 15.0.26730.16
MinimumVisualStudioVersion = 10.0.40219.1
Project("{8BC9CEB8-8B4A-11D0-8D11-00A0C91BC942}") = "RegNotify", "RegNotify\RegNotify.vcxproj", "{F1A56EC7-3106-4A72-9E3D-D5728AC4F967}"
EndProject
Global
	GlobalSection(SolutionConfigurationPlatforms) = preSolution
		Debug|x64 = Debug|x64
		Debug|x86 = Debug|x86
		Release|x64 = Release|x64
		Release|x86 = Release|x86
	EndGlobalSection
	GlobalSection(ProjectConfigurationPlatforms) = postSolution
		{F1A56EC7-3106-4A72-9E3D-D5728AC4F967}.Debug|x64.ActiveCfg = Debug|x64
		{F1A56EC7-3106-4A72-9E3D-D5728AC4F967}.Debug|x64.Build.0 = Debug|x64
		{F1A56EC7-3106-4A72-9E3D-D5728AC4F967}.Debug|x86.ActiveCfg = Debug|Win32
		{F1A56EC7-3106-4A72-9E3D-D5728AC4F967}.Debug|x86.Build.0 = Debug|Win32
		{F1A56EC7-3106-4A72-9E3D-D5728AC4F967}.Release|x64.ActiveCfg = Release|x64
		{F1A56EC7-3106-4A72-9E3D-D5728AC4F967}.Release|x64.Build.0 = Release|x64
		{F1A56EC7-3106-4A72-9E3D-D5728AC4F967}.Release|x86.ActiveCfg = Release|Win32
		{F1A56EC7-3106-4A72-9E3D-D5728AC4F967}.Release|x86.Build.0 = Release|Win32
	EndGlobalSection
	GlobalSection(SolutionProperties) = preSolution
		HideSolutionNode = FALSE
	EndGlobalSection
	GlobalSection(ExtensibilityGlobals) = postSolution
		SolutionGuid = {164C0A39-09BA-4716-8A7E-3CD747E4A209}
	EndGlobalSection
EndGlobal
